{
  "version": 4,
  "terraform_version": "1.0.11",
  "serial": 112,
  "lineage": "356f5656-4650-c591-5196-1f1c634da3fa",
  "outputs": {
    "instance_id": {
      "value": "i-0874c30567d0f9b64",
      "type": "string"
    },
    "instance_public_ip": {
      "value": "18.221.77.102",
      "type": "string"
    }
  },
  "resources": [
    {
      "mode": "managed",
      "type": "aws_instance",
      "name": "app_server",
      "provider": "provider[\"registry.terraform.io/hashicorp/aws\"]",
      "instances": [
        {
          "schema_version": 1,
          "attributes": {
            "ami": "ami-0d97ef13c06b05a19",
            "arn": "arn:aws:ec2:us-east-2:909408495248:instance/i-0874c30567d0f9b64",
            "associate_public_ip_address": true,
            "availability_zone": "us-east-2c",
            "capacity_reservation_specification": [
              {
                "capacity_reservation_preference": "open",
                "capacity_reservation_target": []
              }
            ],
            "cpu_core_count": 1,
            "cpu_threads_per_core": 1,
            "credit_specification": [
              {
                "cpu_credits": "standard"
              }
            ],
            "disable_api_termination": false,
            "ebs_block_device": [],
            "ebs_optimized": false,
            "enclave_options": [
              {
                "enabled": false
              }
            ],
            "ephemeral_block_device": [],
            "get_password_data": false,
            "hibernation": false,
            "host_id": null,
            "iam_instance_profile": "",
            "id": "i-0874c30567d0f9b64",
            "instance_initiated_shutdown_behavior": "stop",
            "instance_state": "running",
            "instance_type": "t2.micro",
            "ipv6_address_count": 0,
            "ipv6_addresses": [],
            "key_name": "deployer-key-boinet",
            "launch_template": [],
            "metadata_options": [
              {
                "http_endpoint": "enabled",
                "http_put_response_hop_limit": 1,
                "http_tokens": "optional"
              }
            ],
            "monitoring": false,
            "network_interface": [],
            "outpost_arn": "",
            "password_data": "",
            "placement_group": "",
            "placement_partition_number": null,
            "primary_network_interface_id": "eni-07cf3e57d119f84d8",
            "private_dns": "ip-172-31-33-79.us-east-2.compute.internal",
            "private_ip": "172.31.33.79",
            "public_dns": "ec2-18-221-77-102.us-east-2.compute.amazonaws.com",
            "public_ip": "18.221.77.102",
            "root_block_device": [
              {
                "delete_on_termination": true,
                "device_name": "/dev/sda1",
                "encrypted": false,
                "iops": 100,
                "kms_key_id": "",
                "tags": {},
                "throughput": 0,
                "volume_id": "vol-003be4d4ba884289a",
                "volume_size": 10,
                "volume_type": "gp2"
              }
            ],
            "secondary_private_ips": [],
            "security_groups": [
              "allow_SSH_BOINET"
            ],
            "source_dest_check": true,
            "subnet_id": "subnet-4490a208",
            "tags": {
              "Groups": "app",
              "Name": "Boinet_app_1",
              "Owner": "Boinet-Lucas"
            },
            "tags_all": {
              "Groups": "app",
              "Name": "Boinet_app_1",
              "Owner": "Boinet-Lucas"
            },
            "tenancy": "default",
            "timeouts": null,
            "user_data": "a3872957a309e621b33b9f60a91294ca3e91f6d6",
            "user_data_base64": null,
            "volume_tags": null,
            "vpc_security_group_ids": [
              "sg-000bff56e96463a13",
              "sg-01b2481c6d3e84b4e"
            ]
          },
          "sensitive_attributes": [],
          "private": "eyJlMmJmYjczMC1lY2FhLTExZTYtOGY4OC0zNDM2M2JjN2M0YzAiOnsiY3JlYXRlIjo2MDAwMDAwMDAwMDAsImRlbGV0ZSI6MTIwMDAwMDAwMDAwMCwidXBkYXRlIjo2MDAwMDAwMDAwMDB9LCJzY2hlbWFfdmVyc2lvbiI6IjEifQ==",
          "dependencies": [
            "aws_security_group.allow_HTTPD",
            "aws_security_group.allow_SSH"
          ]
        }
      ]
    },
    {
      "mode": "managed",
      "type": "aws_key_pair",
      "name": "deployer",
      "provider": "provider[\"registry.terraform.io/hashicorp/aws\"]",
      "instances": [
        {
          "schema_version": 1,
          "attributes": {
            "arn": "arn:aws:ec2:us-east-2:909408495248:key-pair/deployer-key-boinet",
            "fingerprint": "6f:a0:3f:71:b7:9f:2f:ee:36:17:9a:41:86:62:3f:62",
            "id": "deployer-key-boinet",
            "key_name": "deployer-key-boinet",
            "key_name_prefix": "",
            "key_pair_id": "key-02c395b11d9d33aa8",
            "public_key": "ssh-rsa AAAAB3NzaC1yc2EAAAADAQABAAABgQC1Owj1WlPLDqSofg4lyhQ7qFIJtO+paqSikR8+ueiX182PmxYxIptYpQ+Z6V1nqqjuXebWva8kbZafpfV18+DMOxr1LeaBpSArIJ7q3SG6C9CDxj6PpWZ5/pyNq/H0aoRWI3andZ0jyrwSrDIgsWSvvVjNbyssooqAF+OhnxP/OuaBHXl2Wh9LkaUd9/8mgxZKXW9DRichjr6Js6oND1PBTHJi8HvSKk/8patP78LtAop2sEuhJbXpiCT2XlhnvuDLgBMbqTVJeqY8WWlaLnEZwpbRyJFn+w6weqI7zIxU6GQDZeJQtV16gapFdwJMlg+qz0XGWIV0G01rN07cpOcJuTulNqI5//2+8k8PM1TQJmYzEZuPTcBIqTcL1BbmgpSFYgQtdnEF9OfFQ89BXwu88pg0RwT98gjuxEOCTaw584CInsGNp3ZAxa+NG1JJIeKGvf1+zO51hKhRuIs3YItLikRyZqIt2RXjjg3CqjiTWONsO+106NYYsZ1QJy7xZiM= boinet@MSI",
            "tags": {},
            "tags_all": {}
          },
          "sensitive_attributes": [],
          "private": "eyJzY2hlbWFfdmVyc2lvbiI6IjEifQ=="
        }
      ]
    },
    {
      "mode": "managed",
      "type": "aws_security_group",
      "name": "allow_HTTPD",
      "provider": "provider[\"registry.terraform.io/hashicorp/aws\"]",
      "instances": [
        {
          "schema_version": 1,
          "attributes": {
            "arn": "arn:aws:ec2:us-east-2:909408495248:security-group/sg-01b2481c6d3e84b4e",
            "description": "Allow httpd",
            "egress": [
              {
                "cidr_blocks": [
                  "0.0.0.0/0"
                ],
                "description": "",
                "from_port": 0,
                "ipv6_cidr_blocks": [
                  "::/0"
                ],
                "prefix_list_ids": [],
                "protocol": "-1",
                "security_groups": [],
                "self": false,
                "to_port": 0
              }
            ],
            "id": "sg-01b2481c6d3e84b4e",
            "ingress": [
              {
                "cidr_blocks": [
                  "0.0.0.0/0"
                ],
                "description": "httpd",
                "from_port": 8080,
                "ipv6_cidr_blocks": [
                  "::/0"
                ],
                "prefix_list_ids": [],
                "protocol": "tcp",
                "security_groups": [],
                "self": false,
                "to_port": 8080
              }
            ],
            "name": "allow_HTTPD_BOINET",
            "name_prefix": "",
            "owner_id": "909408495248",
            "revoke_rules_on_delete": false,
            "tags": {
              "Groups": "app",
              "Name": "Boinet_app_1",
              "Owner": "Boinet-Lucas"
            },
            "tags_all": {
              "Groups": "app",
              "Name": "Boinet_app_1",
              "Owner": "Boinet-Lucas"
            },
            "timeouts": null,
            "vpc_id": "vpc-a00c78cb"
          },
          "sensitive_attributes": [],
          "private": "eyJlMmJmYjczMC1lY2FhLTExZTYtOGY4OC0zNDM2M2JjN2M0YzAiOnsiY3JlYXRlIjo2MDAwMDAwMDAwMDAsImRlbGV0ZSI6OTAwMDAwMDAwMDAwfSwic2NoZW1hX3ZlcnNpb24iOiIxIn0="
        }
      ]
    },
    {
      "mode": "managed",
      "type": "aws_security_group",
      "name": "allow_SSH",
      "provider": "provider[\"registry.terraform.io/hashicorp/aws\"]",
      "instances": [
        {
          "schema_version": 1,
          "attributes": {
            "arn": "arn:aws:ec2:us-east-2:909408495248:security-group/sg-000bff56e96463a13",
            "description": "Allow ssh",
            "egress": [
              {
                "cidr_blocks": [
                  "0.0.0.0/0"
                ],
                "description": "",
                "from_port": 0,
                "ipv6_cidr_blocks": [
                  "::/0"
                ],
                "prefix_list_ids": [],
                "protocol": "-1",
                "security_groups": [],
                "self": false,
                "to_port": 0
              }
            ],
            "id": "sg-000bff56e96463a13",
            "ingress": [
              {
                "cidr_blocks": [
                  "0.0.0.0/0"
                ],
                "description": "ssh",
                "from_port": 22,
                "ipv6_cidr_blocks": [
                  "::/0"
                ],
                "prefix_list_ids": [],
                "protocol": "tcp",
                "security_groups": [],
                "self": false,
                "to_port": 22
              }
            ],
            "name": "allow_SSH_BOINET",
            "name_prefix": "",
            "owner_id": "909408495248",
            "revoke_rules_on_delete": false,
            "tags": {
              "Groups": "app",
              "Name": "Boinet_app_1",
              "Owner": "Boinet-Lucas"
            },
            "tags_all": {
              "Groups": "app",
              "Name": "Boinet_app_1",
              "Owner": "Boinet-Lucas"
            },
            "timeouts": null,
            "vpc_id": "vpc-a00c78cb"
          },
          "sensitive_attributes": [],
          "private": "eyJlMmJmYjczMC1lY2FhLTExZTYtOGY4OC0zNDM2M2JjN2M0YzAiOnsiY3JlYXRlIjo2MDAwMDAwMDAwMDAsImRlbGV0ZSI6OTAwMDAwMDAwMDAwfSwic2NoZW1hX3ZlcnNpb24iOiIxIn0="
        }
      ]
    }
  ]
}
