{
  "version": 4,
  "terraform_version": "1.0.11",
  "serial": 117,
  "lineage": "356f5656-4650-c591-5196-1f1c634da3fa",
  "outputs": {
    "instance_id": {
      "value": "i-09d2df7c43e67f7ca",
      "type": "string"
    },
    "instance_public_ip": {
      "value": "3.145.82.190",
      "type": "string"
    }
  },
  "resources": [
    {
      "mode": "managed",
      "type": "aws_instance",
      "name": "app_server",
      "provider": "provider[\"registry.terraform.io/hashicorp/aws\"]",
      "instances": [
        {
          "schema_version": 1,
          "attributes": {
            "ami": "ami-0d97ef13c06b05a19",
            "arn": "arn:aws:ec2:us-east-2:909408495248:instance/i-09d2df7c43e67f7ca",
            "associate_public_ip_address": true,
            "availability_zone": "us-east-2a",
            "capacity_reservation_specification": [
              {
                "capacity_reservation_preference": "open",
                "capacity_reservation_target": []
              }
            ],
            "cpu_core_count": 1,
            "cpu_threads_per_core": 1,
            "credit_specification": [
              {
                "cpu_credits": "standard"
              }
            ],
            "disable_api_termination": false,
            "ebs_block_device": [],
            "ebs_optimized": false,
            "enclave_options": [
              {
                "enabled": false
              }
            ],
            "ephemeral_block_device": [],
            "get_password_data": false,
            "hibernation": false,
            "host_id": null,
            "iam_instance_profile": "",
            "id": "i-09d2df7c43e67f7ca",
            "instance_initiated_shutdown_behavior": "stop",
            "instance_state": "running",
            "instance_type": "t2.micro",
            "ipv6_address_count": 0,
            "ipv6_addresses": [],
            "key_name": "deployer-key-boinet",
            "launch_template": [],
            "metadata_options": [
              {
                "http_endpoint": "enabled",
                "http_put_response_hop_limit": 1,
                "http_tokens": "optional"
              }
            ],
            "monitoring": false,
            "network_interface": [],
            "outpost_arn": "",
            "password_data": "",
            "placement_group": "",
            "placement_partition_number": null,
            "primary_network_interface_id": "eni-0766c5d1d204b3e8b",
            "private_dns": "ip-172-31-5-227.us-east-2.compute.internal",
            "private_ip": "172.31.5.227",
            "public_dns": "ec2-3-145-82-190.us-east-2.compute.amazonaws.com",
            "public_ip": "3.145.82.190",
            "root_block_device": [
              {
                "delete_on_termination": true,
                "device_name": "/dev/sda1",
                "encrypted": false,
                "iops": 100,
                "kms_key_id": "",
                "tags": {},
                "throughput": 0,
                "volume_id": "vol-0f565b315bb6a9346",
                "volume_size": 10,
                "volume_type": "gp2"
              }
            ],
            "secondary_private_ips": [],
            "security_groups": [
              "allow_HTTPD_BOINET",
              "allow_SSH_BOINET"
            ],
            "source_dest_check": true,
            "subnet_id": "subnet-ff980494",
            "tags": {
              "Groups": "app",
              "Name": "Boinet_app_1",
              "Owner": "Boinet-Lucas"
            },
            "tags_all": {
              "Groups": "app",
              "Name": "Boinet_app_1",
              "Owner": "Boinet-Lucas"
            },
            "tenancy": "default",
            "timeouts": null,
            "user_data": "a3872957a309e621b33b9f60a91294ca3e91f6d6",
            "user_data_base64": null,
            "volume_tags": null,
            "vpc_security_group_ids": [
              "sg-05251d07a99a273fe",
              "sg-05f64564614c14421"
            ]
          },
          "sensitive_attributes": [],
          "private": "eyJlMmJmYjczMC1lY2FhLTExZTYtOGY4OC0zNDM2M2JjN2M0YzAiOnsiY3JlYXRlIjo2MDAwMDAwMDAwMDAsImRlbGV0ZSI6MTIwMDAwMDAwMDAwMCwidXBkYXRlIjo2MDAwMDAwMDAwMDB9LCJzY2hlbWFfdmVyc2lvbiI6IjEifQ==",
          "dependencies": [
            "aws_security_group.allow_HTTPD",
            "aws_security_group.allow_SSH"
          ]
        }
      ]
    },
    {
      "mode": "managed",
      "type": "aws_key_pair",
      "name": "deployer",
      "provider": "provider[\"registry.terraform.io/hashicorp/aws\"]",
      "instances": [
        {
          "schema_version": 1,
          "attributes": {
            "arn": "arn:aws:ec2:us-east-2:909408495248:key-pair/deployer-key-boinet",
            "fingerprint": "91:10:5d:4b:51:cf:0c:ae:d8:ac:0c:2e:71:69:2e:62",
            "id": "deployer-key-boinet",
            "key_name": "deployer-key-boinet",
            "key_name_prefix": "",
            "key_pair_id": "key-075846779712c573d",
            "public_key": "ssh-rsa AAAAB3NzaC1yc2EAAAADAQABAAABgQDlbAv/HcXI3GH6OlzYIaZH5BRBBwvkoMYoi6Re2TBCeoU36MFWs6vV8nrOm06vPzSWh+fObNC2fqsEtqCJMJ9x0yZv86rla9A4B8YO+VN/uMnfT/dBM+xbg63meNBCVKiY/h3KaGGD9CO/cBuuuiijPmAHKpRzkhvTPRjnDwf91+sj2tpikR5hl1Xc5Auk0sn9/wpq/AcUn4ojToNStl+bIfPOwU+hDkZ5t43BPGmazoRiT5XtdVAt79Obj1hE0GKyOO4ercBT1FjeYcG7pGlKcJB4fziK4u5gfLziQYBQB1qHDRHjz3fJR/UX6+mze1BCSoUI2NFxFqVUKPDqN6FfnBFfnGyVZkPdgLvbFn7Piz/GKpks1vYDEbFubo+3nrqPwYXGjO1hqz3Xy5+d5dWkr2ObOEFLbd6mRu1QN+aMDgvJVpG2dkFvknJHHJR72gxmVp66lNE4oJ1ACF621f4CatkpLXoky0V7Xzsc6f6VYBOhiKbfBCKMJ0rrInZ+pbs= boinet@MSI",
            "tags": null,
            "tags_all": {}
          },
          "sensitive_attributes": [],
          "private": "eyJzY2hlbWFfdmVyc2lvbiI6IjEifQ=="
        }
      ]
    },
    {
      "mode": "managed",
      "type": "aws_security_group",
      "name": "allow_HTTPD",
      "provider": "provider[\"registry.terraform.io/hashicorp/aws\"]",
      "instances": [
        {
          "schema_version": 1,
          "attributes": {
            "arn": "arn:aws:ec2:us-east-2:909408495248:security-group/sg-05f64564614c14421",
            "description": "Allow httpd",
            "egress": [
              {
                "cidr_blocks": [
                  "0.0.0.0/0"
                ],
                "description": "",
                "from_port": 0,
                "ipv6_cidr_blocks": [
                  "::/0"
                ],
                "prefix_list_ids": [],
                "protocol": "-1",
                "security_groups": [],
                "self": false,
                "to_port": 0
              }
            ],
            "id": "sg-05f64564614c14421",
            "ingress": [
              {
                "cidr_blocks": [
                  "0.0.0.0/0"
                ],
                "description": "httpd",
                "from_port": 8080,
                "ipv6_cidr_blocks": [
                  "::/0"
                ],
                "prefix_list_ids": [],
                "protocol": "tcp",
                "security_groups": [],
                "self": false,
                "to_port": 8080
              }
            ],
            "name": "allow_HTTPD_BOINET",
            "name_prefix": "",
            "owner_id": "909408495248",
            "revoke_rules_on_delete": false,
            "tags": {
              "Groups": "app",
              "Name": "Boinet_app_1",
              "Owner": "Boinet-Lucas"
            },
            "tags_all": {
              "Groups": "app",
              "Name": "Boinet_app_1",
              "Owner": "Boinet-Lucas"
            },
            "timeouts": null,
            "vpc_id": "vpc-a00c78cb"
          },
          "sensitive_attributes": [],
          "private": "eyJlMmJmYjczMC1lY2FhLTExZTYtOGY4OC0zNDM2M2JjN2M0YzAiOnsiY3JlYXRlIjo2MDAwMDAwMDAwMDAsImRlbGV0ZSI6OTAwMDAwMDAwMDAwfSwic2NoZW1hX3ZlcnNpb24iOiIxIn0="
        }
      ]
    },
    {
      "mode": "managed",
      "type": "aws_security_group",
      "name": "allow_SSH",
      "provider": "provider[\"registry.terraform.io/hashicorp/aws\"]",
      "instances": [
        {
          "schema_version": 1,
          "attributes": {
            "arn": "arn:aws:ec2:us-east-2:909408495248:security-group/sg-05251d07a99a273fe",
            "description": "Allow ssh",
            "egress": [
              {
                "cidr_blocks": [
                  "0.0.0.0/0"
                ],
                "description": "",
                "from_port": 0,
                "ipv6_cidr_blocks": [
                  "::/0"
                ],
                "prefix_list_ids": [],
                "protocol": "-1",
                "security_groups": [],
                "self": false,
                "to_port": 0
              }
            ],
            "id": "sg-05251d07a99a273fe",
            "ingress": [
              {
                "cidr_blocks": [
                  "0.0.0.0/0"
                ],
                "description": "ssh",
                "from_port": 22,
                "ipv6_cidr_blocks": [
                  "::/0"
                ],
                "prefix_list_ids": [],
                "protocol": "tcp",
                "security_groups": [],
                "self": false,
                "to_port": 22
              }
            ],
            "name": "allow_SSH_BOINET",
            "name_prefix": "",
            "owner_id": "909408495248",
            "revoke_rules_on_delete": false,
            "tags": {
              "Groups": "app",
              "Name": "Boinet_app_1",
              "Owner": "Boinet-Lucas"
            },
            "tags_all": {
              "Groups": "app",
              "Name": "Boinet_app_1",
              "Owner": "Boinet-Lucas"
            },
            "timeouts": null,
            "vpc_id": "vpc-a00c78cb"
          },
          "sensitive_attributes": [],
          "private": "eyJlMmJmYjczMC1lY2FhLTExZTYtOGY4OC0zNDM2M2JjN2M0YzAiOnsiY3JlYXRlIjo2MDAwMDAwMDAwMDAsImRlbGV0ZSI6OTAwMDAwMDAwMDAwfSwic2NoZW1hX3ZlcnNpb24iOiIxIn0="
        }
      ]
    }
  ]
}
